{
  "object": {
    "pins": [
      {
        "package": "LogKit",
        "repositoryURL": "https://github.com/hrietmann/LogKit.git",
        "state": {
          "branch": "main",
          "revision": "7543cb656e3f03e271e550bd6b0f14119eeaea6d",
          "version": null
        }
      }
    ]
  },
  "version": 1
}
